
Microsoft Visual Studio Solution File, Format Version 12.00
# Visual Studio 15
VisualStudioVersion = 15.0.26730.12
MinimumVisualStudioVersion = 10.0.40219.1
Project("{FAE04EC0-301F-11D3-BF4B-00C04F79EFBC}") = "FattakhovaHW1", "FattakhovaHW1\FattakhovaHW1.csproj", "{5A85905D-3404-4215-AB91-537DFE4ED171}"
EndProject
Global
	GlobalSection(SolutionConfigurationPlatforms) = preSolution
		Debug|Any CPU = Debug|Any CPU
		Release|Any CPU = Release|Any CPU
	EndGlobalSection
	GlobalSection(ProjectConfigurationPlatforms) = postSolution
		{5A85905D-3404-4215-AB91-537DFE4ED171}.Debug|Any CPU.ActiveCfg = Debug|Any CPU
		{5A85905D-3404-4215-AB91-537DFE4ED171}.Debug|Any CPU.Build.0 = Debug|Any CPU
		{5A85905D-3404-4215-AB91-537DFE4ED171}.Release|Any CPU.ActiveCfg = Release|Any CPU
		{5A85905D-3404-4215-AB91-537DFE4ED171}.Release|Any CPU.Build.0 = Release|Any CPU
	EndGlobalSection
	GlobalSection(SolutionProperties) = preSolution
		HideSolutionNode = FALSE
	EndGlobalSection
	GlobalSection(ExtensibilityGlobals) = postSolution
		SolutionGuid = {BF1B3770-5C1A-426D-9014-B162968BBF20}
	EndGlobalSection
EndGlobal
